// !$*UTF8*$!
{
	archiveVersion = 1;
	classes = {
	};
	objectVersion = 77;
	objects = {

/* Begin PBXBuildFile section */
		28CC52A73EDB8E8CABD4601B /* Pods_ObokUITests.framework in Frameworks */ = {isa = PBXBuildFile; fileRef = 63D482FE47CA811B0C0ED9CF /* Pods_ObokUITests.framework */; };
		F51B3C0D2448D5F929C5A861 /* Pods_ObokTests.framework in Frameworks */ = {isa = PBXBuildFile; fileRef = 3BA83A3D086A4ED8ABDFBC0C /* Pods_ObokTests.framework */; };
		F9C284AEEFA7DDCF0ACF5E5E /* Pods_Obok.framework in Frameworks */ = {isa = PBXBuildFile; fileRef = 31746BA50B820648B13489DD /* Pods_Obok.framework */; };
/* End PBXBuildFile section */

/* Begin PBXContainerItemProxy section */
		CCA9C3E02CF20C1F00E05F6B /* PBXContainerItemProxy */ = {
			isa = PBXContainerItemProxy;
			containerPortal = CCA9C3C72CF20C1E00E05F6B /* Project object */;
			proxyType = 1;
			remoteGlobalIDString = CCA9C3CE2CF20C1E00E05F6B;
			remoteInfo = Obok;
		};
		CCA9C3EA2CF20C1F00E05F6B /* PBXContainerItemProxy */ = {
			isa = PBXContainerItemProxy;
			containerPortal = CCA9C3C72CF20C1E00E05F6B /* Project object */;
			proxyType = 1;
			remoteGlobalIDString = CCA9C3CE2CF20C1E00E05F6B;
			remoteInfo = Obok;
		};
/* End PBXContainerItemProxy section */

/* Begin PBXFileReference section */
		31746BA50B820648B13489DD /* Pods_Obok.framework */ = {isa = PBXFileReference; explicitFileType = wrapper.framework; includeInIndex = 0; path = Pods_Obok.framework; sourceTree = BUILT_PRODUCTS_DIR; };
		34A3F112616B575CAD397F5F /* Pods-ObokUITests.debug.xcconfig */ = {isa = PBXFileReference; includeInIndex = 1; lastKnownFileType = text.xcconfig; name = "Pods-ObokUITests.debug.xcconfig"; path = "Target Support Files/Pods-ObokUITests/Pods-ObokUITests.debug.xcconfig"; sourceTree = "<group>"; };
		3BA83A3D086A4ED8ABDFBC0C /* Pods_ObokTests.framework */ = {isa = PBXFileReference; explicitFileType = wrapper.framework; includeInIndex = 0; path = Pods_ObokTests.framework; sourceTree = BUILT_PRODUCTS_DIR; };
		4439F5513260DBC7EEC0091C /* Pods-ObokUITests.release.xcconfig */ = {isa = PBXFileReference; includeInIndex = 1; lastKnownFileType = text.xcconfig; name = "Pods-ObokUITests.release.xcconfig"; path = "Target Support Files/Pods-ObokUITests/Pods-ObokUITests.release.xcconfig"; sourceTree = "<group>"; };
		63D482FE47CA811B0C0ED9CF /* Pods_ObokUITests.framework */ = {isa = PBXFileReference; explicitFileType = wrapper.framework; includeInIndex = 0; path = Pods_ObokUITests.framework; sourceTree = BUILT_PRODUCTS_DIR; };
		6AF4CF08A4DFBFE0E9763B77 /* Pods-Obok.debug.xcconfig */ = {isa = PBXFileReference; includeInIndex = 1; lastKnownFileType = text.xcconfig; name = "Pods-Obok.debug.xcconfig"; path = "Target Support Files/Pods-Obok/Pods-Obok.debug.xcconfig"; sourceTree = "<group>"; };
		9898F635347EAEF451CE0D5D /* Pods-Obok.release.xcconfig */ = {isa = PBXFileReference; includeInIndex = 1; lastKnownFileType = text.xcconfig; name = "Pods-Obok.release.xcconfig"; path = "Target Support Files/Pods-Obok/Pods-Obok.release.xcconfig"; sourceTree = "<group>"; };
		CCA9C3CF2CF20C1E00E05F6B /* Obok.app */ = {isa = PBXFileReference; explicitFileType = wrapper.application; includeInIndex = 0; path = Obok.app; sourceTree = BUILT_PRODUCTS_DIR; };
		CCA9C3DF2CF20C1F00E05F6B /* ObokTests.xctest */ = {isa = PBXFileReference; explicitFileType = wrapper.cfbundle; includeInIndex = 0; path = ObokTests.xctest; sourceTree = BUILT_PRODUCTS_DIR; };
		CCA9C3E92CF20C1F00E05F6B /* ObokUITests.xctest */ = {isa = PBXFileReference; explicitFileType = wrapper.cfbundle; includeInIndex = 0; path = ObokUITests.xctest; sourceTree = BUILT_PRODUCTS_DIR; };
		DB698E78F1E418E9E7EAE687 /* Pods-ObokTests.debug.xcconfig */ = {isa = PBXFileReference; includeInIndex = 1; lastKnownFileType = text.xcconfig; name = "Pods-ObokTests.debug.xcconfig"; path = "Target Support Files/Pods-ObokTests/Pods-ObokTests.debug.xcconfig"; sourceTree = "<group>"; };
		E91CC6325D43C9E0B480D71C /* Pods-ObokTests.release.xcconfig */ = {isa = PBXFileReference; includeInIndex = 1; lastKnownFileType = text.xcconfig; name = "Pods-ObokTests.release.xcconfig"; path = "Target Support Files/Pods-ObokTests/Pods-ObokTests.release.xcconfig"; sourceTree = "<group>"; };
/* End PBXFileReference section */

/* Begin PBXFileSystemSynchronizedRootGroup section */
		CCA9C3D12CF20C1E00E05F6B /* Obok */ = {
			isa = PBXFileSystemSynchronizedRootGroup;
			path = Obok;
			sourceTree = "<group>";
		};
/* End PBXFileSystemSynchronizedRootGroup section */

/* Begin PBXFrameworksBuildPhase section */
		CCA9C3CC2CF20C1E00E05F6B /* Frameworks */ = {
			isa = PBXFrameworksBuildPhase;
			buildActionMask = 2147483647;
			files = (
				F9C284AEEFA7DDCF0ACF5E5E /* Pods_Obok.framework in Frameworks */,
			);
			runOnlyForDeploymentPostprocessing = 0;
		};
		CCA9C3DC2CF20C1F00E05F6B /* Frameworks */ = {
			isa = PBXFrameworksBuildPhase;
			buildActionMask = 2147483647;
			files = (
				F51B3C0D2448D5F929C5A861 /* Pods_ObokTests.framework in Frameworks */,
			);
			runOnlyForDeploymentPostprocessing = 0;
		};
		CCA9C3E62CF20C1F00E05F6B /* Frameworks */ = {
			isa = PBXFrameworksBuildPhase;
			buildActionMask = 2147483647;
			files = (
				28CC52A73EDB8E8CABD4601B /* Pods_ObokUITests.framework in Frameworks */,
			);
			runOnlyForDeploymentPostprocessing = 0;
		};
/* End PBXFrameworksBuildPhase section */

/* Begin PBXGroup section */
		3C4F7C48B082C13B26A67735 /* Frameworks */ = {
			isa = PBXGroup;
			children = (
				31746BA50B820648B13489DD /* Pods_Obok.framework */,
				3BA83A3D086A4ED8ABDFBC0C /* Pods_ObokTests.framework */,
				63D482FE47CA811B0C0ED9CF /* Pods_ObokUITests.framework */,
			);
			name = Frameworks;
			sourceTree = "<group>";
		};
		456790CAFA83009FA581A346 /* Pods */ = {
			isa = PBXGroup;
			children = (
				6AF4CF08A4DFBFE0E9763B77 /* Pods-Obok.debug.xcconfig */,
				9898F635347EAEF451CE0D5D /* Pods-Obok.release.xcconfig */,
				DB698E78F1E418E9E7EAE687 /* Pods-ObokTests.debug.xcconfig */,
				E91CC6325D43C9E0B480D71C /* Pods-ObokTests.release.xcconfig */,
				34A3F112616B575CAD397F5F /* Pods-ObokUITests.debug.xcconfig */,
				4439F5513260DBC7EEC0091C /* Pods-ObokUITests.release.xcconfig */,
			);
			path = Pods;
			sourceTree = "<group>";
		};
		CCA9C3C62CF20C1E00E05F6B = {
			isa = PBXGroup;
			children = (
				CCA9C3D12CF20C1E00E05F6B /* Obok */,
				CCA9C3D02CF20C1E00E05F6B /* Products */,
				456790CAFA83009FA581A346 /* Pods */,
				3C4F7C48B082C13B26A67735 /* Frameworks */,
			);
			sourceTree = "<group>";
		};
		CCA9C3D02CF20C1E00E05F6B /* Products */ = {
			isa = PBXGroup;
			children = (
				CCA9C3CF2CF20C1E00E05F6B /* Obok.app */,
				CCA9C3DF2CF20C1F00E05F6B /* ObokTests.xctest */,
				CCA9C3E92CF20C1F00E05F6B /* ObokUITests.xctest */,
			);
			name = Products;
			sourceTree = "<group>";
		};
/* End PBXGroup section */

/* Begin PBXNativeTarget section */
		CCA9C3CE2CF20C1E00E05F6B /* Obok */ = {
			isa = PBXNativeTarget;
			buildConfigurationList = CCA9C3F32CF20C1F00E05F6B /* Build configuration list for PBXNativeTarget "Obok" */;
			buildPhases = (
				00DC63AAC10E657FB7A465A7 /* [CP] Check Pods Manifest.lock */,
				CCA9C3CB2CF20C1E00E05F6B /* Sources */,
				CCA9C3CC2CF20C1E00E05F6B /* Frameworks */,
				CCA9C3CD2CF20C1E00E05F6B /* Resources */,
				631B9F885E79A3427FC60403 /* [CP] Embed Pods Frameworks */,
			);
			buildRules = (
			);
			dependencies = (
			);
			fileSystemSynchronizedGroups = (
				CCA9C3D12CF20C1E00E05F6B /* Obok */,
			);
			name = Obok;
			productName = Obok;
			productReference = CCA9C3CF2CF20C1E00E05F6B /* Obok.app */;
			productType = "com.apple.product-type.application";
		};
		CCA9C3DE2CF20C1F00E05F6B /* ObokTests */ = {
			isa = PBXNativeTarget;
			buildConfigurationList = CCA9C3F62CF20C1F00E05F6B /* Build configuration list for PBXNativeTarget "ObokTests" */;
			buildPhases = (
				F8DDC94F31EAD7C3F6E721DC /* [CP] Check Pods Manifest.lock */,
				CCA9C3DB2CF20C1F00E05F6B /* Sources */,
				CCA9C3DC2CF20C1F00E05F6B /* Frameworks */,
				CCA9C3DD2CF20C1F00E05F6B /* Resources */,
			);
			buildRules = (
			);
			dependencies = (
				CCA9C3E12CF20C1F00E05F6B /* PBXTargetDependency */,
			);
			name = ObokTests;
			productName = ObokTests;
			productReference = CCA9C3DF2CF20C1F00E05F6B /* ObokTests.xctest */;
			productType = "com.apple.product-type.bundle.unit-test";
		};
		CCA9C3E82CF20C1F00E05F6B /* ObokUITests */ = {
			isa = PBXNativeTarget;
			buildConfigurationList = CCA9C3F92CF20C1F00E05F6B /* Build configuration list for PBXNativeTarget "ObokUITests" */;
			buildPhases = (
				D586E8DACDBC97E2159393B5 /* [CP] Check Pods Manifest.lock */,
				CCA9C3E52CF20C1F00E05F6B /* Sources */,
				CCA9C3E62CF20C1F00E05F6B /* Frameworks */,
				CCA9C3E72CF20C1F00E05F6B /* Resources */,
			);
			buildRules = (
			);
			dependencies = (
				CCA9C3EB2CF20C1F00E05F6B /* PBXTargetDependency */,
			);
			name = ObokUITests;
			productName = ObokUITests;
			productReference = CCA9C3E92CF20C1F00E05F6B /* ObokUITests.xctest */;
			productType = "com.apple.product-type.bundle.ui-testing";
		};
/* End PBXNativeTarget section */

/* Begin PBXProject section */
		CCA9C3C72CF20C1E00E05F6B /* Project object */ = {
			isa = PBXProject;
			attributes = {
				BuildIndependentTargetsInParallel = 1;
				LastSwiftUpdateCheck = 1610;
				LastUpgradeCheck = 1610;
				TargetAttributes = {
					CCA9C3CE2CF20C1E00E05F6B = {
						CreatedOnToolsVersion = 16.1;
					};
					CCA9C3DE2CF20C1F00E05F6B = {
						CreatedOnToolsVersion = 16.1;
						TestTargetID = CCA9C3CE2CF20C1E00E05F6B;
					};
					CCA9C3E82CF20C1F00E05F6B = {
						CreatedOnToolsVersion = 16.1;
						TestTargetID = CCA9C3CE2CF20C1E00E05F6B;
					};
				};
			};
			buildConfigurationList = CCA9C3CA2CF20C1E00E05F6B /* Build configuration list for PBXProject "Obok" */;
			developmentRegion = en;
			hasScannedForEncodings = 0;
			knownRegions = (
				en,
				Base,
			);
			mainGroup = CCA9C3C62CF20C1E00E05F6B;
			minimizedProjectReferenceProxies = 1;
			preferredProjectObjectVersion = 77;
			productRefGroup = CCA9C3D02CF20C1E00E05F6B /* Products */;
			projectDirPath = "";
			projectRoot = "";
			targets = (
				CCA9C3CE2CF20C1E00E05F6B /* Obok */,
				CCA9C3DE2CF20C1F00E05F6B /* ObokTests */,
				CCA9C3E82CF20C1F00E05F6B /* ObokUITests */,
			);
		};
/* End PBXProject section */

/* Begin PBXResourcesBuildPhase section */
		CCA9C3CD2CF20C1E00E05F6B /* Resources */ = {
			isa = PBXResourcesBuildPhase;
			buildActionMask = 2147483647;
			files = (
			);
			runOnlyForDeploymentPostprocessing = 0;
		};
		CCA9C3DD2CF20C1F00E05F6B /* Resources */ = {
			isa = PBXResourcesBuildPhase;
			buildActionMask = 2147483647;
			files = (
			);
			runOnlyForDeploymentPostprocessing = 0;
		};
		CCA9C3E72CF20C1F00E05F6B /* Resources */ = {
			isa = PBXResourcesBuildPhase;
			buildActionMask = 2147483647;
			files = (
			);
			runOnlyForDeploymentPostprocessing = 0;
		};
/* End PBXResourcesBuildPhase section */

/* Begin PBXShellScriptBuildPhase section */
		00DC63AAC10E657FB7A465A7 /* [CP] Check Pods Manifest.lock */ = {
			isa = PBXShellScriptBuildPhase;
			buildActionMask = 2147483647;
			files = (
			);
			inputFileListPaths = (
			);
			inputPaths = (
				"${PODS_PODFILE_DIR_PATH}/Podfile.lock",
				"${PODS_ROOT}/Manifest.lock",
			);
			name = "[CP] Check Pods Manifest.lock";
			outputFileListPaths = (
			);
			outputPaths = (
				"$(DERIVED_FILE_DIR)/Pods-Obok-checkManifestLockResult.txt",
			);
			runOnlyForDeploymentPostprocessing = 0;
			shellPath = /bin/sh;
			shellScript = "diff \"${PODS_PODFILE_DIR_PATH}/Podfile.lock\" \"${PODS_ROOT}/Manifest.lock\" > /dev/null\nif [ $? != 0 ] ; then\n    # print error to STDERR\n    echo \"error: The sandbox is not in sync with the Podfile.lock. Run 'pod install' or update your CocoaPods installation.\" >&2\n    exit 1\nfi\n# This output is used by Xcode 'outputs' to avoid re-running this script phase.\necho \"SUCCESS\" > \"${SCRIPT_OUTPUT_FILE_0}\"\n";
			showEnvVarsInLog = 0;
		};
		631B9F885E79A3427FC60403 /* [CP] Embed Pods Frameworks */ = {
			isa = PBXShellScriptBuildPhase;
			buildActionMask = 2147483647;
			files = (
			);
			inputFileListPaths = (
				"${PODS_ROOT}/Target Support Files/Pods-Obok/Pods-Obok-frameworks-${CONFIGURATION}-input-files.xcfilelist",
			);
			name = "[CP] Embed Pods Frameworks";
			outputFileListPaths = (
				"${PODS_ROOT}/Target Support Files/Pods-Obok/Pods-Obok-frameworks-${CONFIGURATION}-output-files.xcfilelist",
			);
			runOnlyForDeploymentPostprocessing = 0;
			shellPath = /bin/sh;
			shellScript = "\"${PODS_ROOT}/Target Support Files/Pods-Obok/Pods-Obok-frameworks.sh\"\n";
			showEnvVarsInLog = 0;
		};
		D586E8DACDBC97E2159393B5 /* [CP] Check Pods Manifest.lock */ = {
			isa = PBXShellScriptBuildPhase;
			buildActionMask = 2147483647;
			files = (
			);
			inputFileListPaths = (
			);
			inputPaths = (
				"${PODS_PODFILE_DIR_PATH}/Podfile.lock",
				"${PODS_ROOT}/Manifest.lock",
			);
			name = "[CP] Check Pods Manifest.lock";
			outputFileListPaths = (
			);
			outputPaths = (
				"$(DERIVED_FILE_DIR)/Pods-ObokUITests-checkManifestLockResult.txt",
			);
			runOnlyForDeploymentPostprocessing = 0;
			shellPath = /bin/sh;
			shellScript = "diff \"${PODS_PODFILE_DIR_PATH}/Podfile.lock\" \"${PODS_ROOT}/Manifest.lock\" > /dev/null\nif [ $? != 0 ] ; then\n    # print error to STDERR\n    echo \"error: The sandbox is not in sync with the Podfile.lock. Run 'pod install' or update your CocoaPods installation.\" >&2\n    exit 1\nfi\n# This output is used by Xcode 'outputs' to avoid re-running this script phase.\necho \"SUCCESS\" > \"${SCRIPT_OUTPUT_FILE_0}\"\n";
			showEnvVarsInLog = 0;
		};
		F8DDC94F31EAD7C3F6E721DC /* [CP] Check Pods Manifest.lock */ = {
			isa = PBXShellScriptBuildPhase;
			buildActionMask = 2147483647;
			files = (
			);
			inputFileListPaths = (
			);
			inputPaths = (
				"${PODS_PODFILE_DIR_PATH}/Podfile.lock",
				"${PODS_ROOT}/Manifest.lock",
			);
			name = "[CP] Check Pods Manifest.lock";
			outputFileListPaths = (
			);
			outputPaths = (
				"$(DERIVED_FILE_DIR)/Pods-ObokTests-checkManifestLockResult.txt",
			);
			runOnlyForDeploymentPostprocessing = 0;
			shellPath = /bin/sh;
			shellScript = "diff \"${PODS_PODFILE_DIR_PATH}/Podfile.lock\" \"${PODS_ROOT}/Manifest.lock\" > /dev/null\nif [ $? != 0 ] ; then\n    # print error to STDERR\n    echo \"error: The sandbox is not in sync with the Podfile.lock. Run 'pod install' or update your CocoaPods installation.\" >&2\n    exit 1\nfi\n# This output is used by Xcode 'outputs' to avoid re-running this script phase.\necho \"SUCCESS\" > \"${SCRIPT_OUTPUT_FILE_0}\"\n";
			showEnvVarsInLog = 0;
		};
/* End PBXShellScriptBuildPhase section */

/* Begin PBXSourcesBuildPhase section */
		CCA9C3CB2CF20C1E00E05F6B /* Sources */ = {
			isa = PBXSourcesBuildPhase;
			buildActionMask = 2147483647;
			files = (
			);
			runOnlyForDeploymentPostprocessing = 0;
		};
		CCA9C3DB2CF20C1F00E05F6B /* Sources */ = {
			isa = PBXSourcesBuildPhase;
			buildActionMask = 2147483647;
			files = (
			);
			runOnlyForDeploymentPostprocessing = 0;
		};
		CCA9C3E52CF20C1F00E05F6B /* Sources */ = {
			isa = PBXSourcesBuildPhase;
			buildActionMask = 2147483647;
			files = (
			);
			runOnlyForDeploymentPostprocessing = 0;
		};
/* End PBXSourcesBuildPhase section */

/* Begin PBXTargetDependency section */
		CCA9C3E12CF20C1F00E05F6B /* PBXTargetDependency */ = {
			isa = PBXTargetDependency;
			target = CCA9C3CE2CF20C1E00E05F6B /* Obok */;
			targetProxy = CCA9C3E02CF20C1F00E05F6B /* PBXContainerItemProxy */;
		};
		CCA9C3EB2CF20C1F00E05F6B /* PBXTargetDependency */ = {
			isa = PBXTargetDependency;
			target = CCA9C3CE2CF20C1E00E05F6B /* Obok */;
			targetProxy = CCA9C3EA2CF20C1F00E05F6B /* PBXContainerItemProxy */;
		};
/* End PBXTargetDependency section */

/* Begin XCBuildConfiguration section */
		CCA9C3F12CF20C1F00E05F6B /* Debug */ = {
			isa = XCBuildConfiguration;
			buildSettings = {
				ALWAYS_SEARCH_USER_PATHS = NO;
				ASSETCATALOG_COMPILER_GENERATE_SWIFT_ASSET_SYMBOL_EXTENSIONS = YES;
				CLANG_ANALYZER_NONNULL = YES;
				CLANG_ANALYZER_NUMBER_OBJECT_CONVERSION = YES_AGGRESSIVE;
				CLANG_CXX_LANGUAGE_STANDARD = "gnu++20";
				CLANG_ENABLE_MODULES = YES;
				CLANG_ENABLE_OBJC_ARC = YES;
				CLANG_ENABLE_OBJC_WEAK = YES;
				CLANG_WARN_BLOCK_CAPTURE_AUTORELEASING = YES;
				CLANG_WARN_BOOL_CONVERSION = YES;
				CLANG_WARN_COMMA = YES;
				CLANG_WARN_CONSTANT_CONVERSION = YES;
				CLANG_WARN_DEPRECATED_OBJC_IMPLEMENTATIONS = YES;
				CLANG_WARN_DIRECT_OBJC_ISA_USAGE = YES_ERROR;
				CLANG_WARN_DOCUMENTATION_COMMENTS = YES;
				CLANG_WARN_EMPTY_BODY = YES;
				CLANG_WARN_ENUM_CONVERSION = YES;
				CLANG_WARN_INFINITE_RECURSION = YES;
				CLANG_WARN_INT_CONVERSION = YES;
				CLANG_WARN_NON_LITERAL_NULL_CONVERSION = YES;
				CLANG_WARN_OBJC_IMPLICIT_RETAIN_SELF = YES;
				CLANG_WARN_OBJC_LITERAL_CONVERSION = YES;
				CLANG_WARN_OBJC_ROOT_CLASS = YES_ERROR;
				CLANG_WARN_QUOTED_INCLUDE_IN_FRAMEWORK_HEADER = YES;
				CLANG_WARN_RANGE_LOOP_ANALYSIS = YES;
				CLANG_WARN_STRICT_PROTOTYPES = YES;
				CLANG_WARN_SUSPICIOUS_MOVE = YES;
				CLANG_WARN_UNGUARDED_AVAILABILITY = YES_AGGRESSIVE;
				CLANG_WARN_UNREACHABLE_CODE = YES;
				CLANG_WARN__DUPLICATE_METHOD_MATCH = YES;
				COPY_PHASE_STRIP = NO;
				DEBUG_INFORMATION_FORMAT = dwarf;
				ENABLE_STRICT_OBJC_MSGSEND = YES;
				ENABLE_TESTABILITY = YES;
				ENABLE_USER_SCRIPT_SANDBOXING = YES;
				GCC_C_LANGUAGE_STANDARD = gnu17;
				GCC_DYNAMIC_NO_PIC = NO;
				GCC_NO_COMMON_BLOCKS = YES;
				GCC_OPTIMIZATION_LEVEL = 0;
				GCC_PREPROCESSOR_DEFINITIONS = (
					"DEBUG=1",
					"$(inherited)",
				);
				GCC_WARN_64_TO_32_BIT_CONVERSION = YES;
				GCC_WARN_ABOUT_RETURN_TYPE = YES_ERROR;
				GCC_WARN_UNDECLARED_SELECTOR = YES;
				GCC_WARN_UNINITIALIZED_AUTOS = YES_AGGRESSIVE;
				GCC_WARN_UNUSED_FUNCTION = YES;
				GCC_WARN_UNUSED_VARIABLE = YES;
				IPHONEOS_DEPLOYMENT_TARGET = 18.1;
				LOCALIZATION_PREFERS_STRING_CATALOGS = YES;
				MTL_ENABLE_DEBUG_INFO = INCLUDE_SOURCE;
				MTL_FAST_MATH = YES;
				ONLY_ACTIVE_ARCH = YES;
				SDKROOT = iphoneos;
				SWIFT_ACTIVE_COMPILATION_CONDITIONS = "DEBUG $(inherited)";
				SWIFT_OPTIMIZATION_LEVEL = "-Onone";
			};
			name = Debug;
		};
		CCA9C3F22CF20C1F00E05F6B /* Release */ = {
			isa = XCBuildConfiguration;
			buildSettings = {
				ALWAYS_SEARCH_USER_PATHS = NO;
				ASSETCATALOG_COMPILER_GENERATE_SWIFT_ASSET_SYMBOL_EXTENSIONS = YES;
				CLANG_ANALYZER_NONNULL = YES;
				CLANG_ANALYZER_NUMBER_OBJECT_CONVERSION = YES_AGGRESSIVE;
				CLANG_CXX_LANGUAGE_STANDARD = "gnu++20";
				CLANG_ENABLE_MODULES = YES;
				CLANG_ENABLE_OBJC_ARC = YES;
				CLANG_ENABLE_OBJC_WEAK = YES;
				CLANG_WARN_BLOCK_CAPTURE_AUTORELEASING = YES;
				CLANG_WARN_BOOL_CONVERSION = YES;
				CLANG_WARN_COMMA = YES;
				CLANG_WARN_CONSTANT_CONVERSION = YES;
				CLANG_WARN_DEPRECATED_OBJC_IMPLEMENTATIONS = YES;
				CLANG_WARN_DIRECT_OBJC_ISA_USAGE = YES_ERROR;
				CLANG_WARN_DOCUMENTATION_COMMENTS = YES;
				CLANG_WARN_EMPTY_BODY = YES;
				CLANG_WARN_ENUM_CONVERSION = YES;
				CLANG_WARN_INFINITE_RECURSION = YES;
				CLANG_WARN_INT_CONVERSION = YES;
				CLANG_WARN_NON_LITERAL_NULL_CONVERSION = YES;
				CLANG_WARN_OBJC_IMPLICIT_RETAIN_SELF = YES;
				CLANG_WARN_OBJC_LITERAL_CONVERSION = YES;
				CLANG_WARN_OBJC_ROOT_CLASS = YES_ERROR;
				CLANG_WARN_QUOTED_INCLUDE_IN_FRAMEWORK_HEADER = YES;
				CLANG_WARN_RANGE_LOOP_ANALYSIS = YES;
				CLANG_WARN_STRICT_PROTOTYPES = YES;
				CLANG_WARN_SUSPICIOUS_MOVE = YES;
				CLANG_WARN_UNGUARDED_AVAILABILITY = YES_AGGRESSIVE;
				CLANG_WARN_UNREACHABLE_CODE = YES;
				CLANG_WARN__DUPLICATE_METHOD_MATCH = YES;
				COPY_PHASE_STRIP = NO;
				DEBUG_INFORMATION_FORMAT = "dwarf-with-dsym";
				ENABLE_NS_ASSERTIONS = NO;
				ENABLE_STRICT_OBJC_MSGSEND = YES;
				ENABLE_USER_SCRIPT_SANDBOXING = YES;
				GCC_C_LANGUAGE_STANDARD = gnu17;
				GCC_NO_COMMON_BLOCKS = YES;
				GCC_WARN_64_TO_32_BIT_CONVERSION = YES;
				GCC_WARN_ABOUT_RETURN_TYPE = YES_ERROR;
				GCC_WARN_UNDECLARED_SELECTOR = YES;
				GCC_WARN_UNINITIALIZED_AUTOS = YES_AGGRESSIVE;
				GCC_WARN_UNUSED_FUNCTION = YES;
				GCC_WARN_UNUSED_VARIABLE = YES;
				IPHONEOS_DEPLOYMENT_TARGET = 18.1;
				LOCALIZATION_PREFERS_STRING_CATALOGS = YES;
				MTL_ENABLE_DEBUG_INFO = NO;
				MTL_FAST_MATH = YES;
				SDKROOT = iphoneos;
				SWIFT_COMPILATION_MODE = wholemodule;
				VALIDATE_PRODUCT = YES;
			};
			name = Release;
		};
		CCA9C3F42CF20C1F00E05F6B /* Debug */ = {
			isa = XCBuildConfiguration;
			baseConfigurationReference = 6AF4CF08A4DFBFE0E9763B77 /* Pods-Obok.debug.xcconfig */;
			buildSettings = {
				ASSETCATALOG_COMPILER_APPICON_NAME = AppIcon;
				ASSETCATALOG_COMPILER_GLOBAL_ACCENT_COLOR_NAME = AccentColor;
				CODE_SIGN_STYLE = Automatic;
				CURRENT_PROJECT_VERSION = 1;
				DEVELOPMENT_ASSET_PATHS = "\"Obok/Preview Content\"";
				DEVELOPMENT_TEAM = "";
				ENABLE_PREVIEWS = YES;
				GENERATE_INFOPLIST_FILE = YES;
				INFOPLIST_KEY_UIApplicationSceneManifest_Generation = YES;
				INFOPLIST_KEY_UIApplicationSupportsIndirectInputEvents = YES;
				INFOPLIST_KEY_UILaunchScreen_Generation = YES;
				INFOPLIST_KEY_UISupportedInterfaceOrientations_iPad = "UIInterfaceOrientationPortrait UIInterfaceOrientationPortraitUpsideDown UIInterfaceOrientationLandscapeLeft UIInterfaceOrientationLandscapeRight";
				INFOPLIST_KEY_UISupportedInterfaceOrientations_iPhone = "UIInterfaceOrientationPortrait UIInterfaceOrientationLandscapeLeft UIInterfaceOrientationLandscapeRight";
				LD_RUNPATH_SEARCH_PATHS = (
					"$(inherited)",
					"@executable_path/Frameworks",
				);
				MARKETING_VERSION = 1.0;
				PRODUCT_BUNDLE_IDENTIFIER = obok.Obok;
				PRODUCT_NAME = "$(TARGET_NAME)";
				SWIFT_EMIT_LOC_STRINGS = YES;
				SWIFT_VERSION = 5.0;
				TARGETED_DEVICE_FAMILY = "1,2";
			};
			name = Debug;
		};
		CCA9C3F52CF20C1F00E05F6B /* Release */ = {
			isa = XCBuildConfiguration;
			baseConfigurationReference = 9898F635347EAEF451CE0D5D /* Pods-Obok.release.xcconfig */;
			buildSettings = {
				ASSETCATALOG_COMPILER_APPICON_NAME = AppIcon;
				ASSETCATALOG_COMPILER_GLOBAL_ACCENT_COLOR_NAME = AccentColor;
				CODE_SIGN_STYLE = Automatic;
				CURRENT_PROJECT_VERSION = 1;
				DEVELOPMENT_ASSET_PATHS = "\"Obok/Preview Content\"";
				DEVELOPMENT_TEAM = "";
				ENABLE_PREVIEWS = YES;
				GENERATE_INFOPLIST_FILE = YES;
				INFOPLIST_KEY_UIApplicationSceneManifest_Generation = YES;
				INFOPLIST_KEY_UIApplicationSupportsIndirectInputEvents = YES;
				INFOPLIST_KEY_UILaunchScreen_Generation = YES;
				INFOPLIST_KEY_UISupportedInterfaceOrientations_iPad = "UIInterfaceOrientationPortrait UIInterfaceOrientationPortraitUpsideDown UIInterfaceOrientationLandscapeLeft UIInterfaceOrientationLandscapeRight";
				INFOPLIST_KEY_UISupportedInterfaceOrientations_iPhone = "UIInterfaceOrientationPortrait UIInterfaceOrientationLandscapeLeft UIInterfaceOrientationLandscapeRight";
				LD_RUNPATH_SEARCH_PATHS = (
					"$(inherited)",
					"@executable_path/Frameworks",
				);
				MARKETING_VERSION = 1.0;
				PRODUCT_BUNDLE_IDENTIFIER = obok.Obok;
				PRODUCT_NAME = "$(TARGET_NAME)";
				SWIFT_EMIT_LOC_STRINGS = YES;
				SWIFT_VERSION = 5.0;
				TARGETED_DEVICE_FAMILY = "1,2";
			};
			name = Release;
		};
		CCA9C3F72CF20C1F00E05F6B /* Debug */ = {
			isa = XCBuildConfiguration;
			baseConfigurationReference = DB698E78F1E418E9E7EAE687 /* Pods-ObokTests.debug.xcconfig */;
			buildSettings = {
				BUNDLE_LOADER = "$(TEST_HOST)";
				CODE_SIGN_STYLE = Automatic;
				CURRENT_PROJECT_VERSION = 1;
				GENERATE_INFOPLIST_FILE = YES;
				IPHONEOS_DEPLOYMENT_TARGET = 18.1;
				MARKETING_VERSION = 1.0;
				PRODUCT_BUNDLE_IDENTIFIER = obok.ObokTests;
				PRODUCT_NAME = "$(TARGET_NAME)";
				SWIFT_EMIT_LOC_STRINGS = NO;
				SWIFT_VERSION = 5.0;
				TARGETED_DEVICE_FAMILY = "1,2";
				TEST_HOST = "$(BUILT_PRODUCTS_DIR)/Obok.app/$(BUNDLE_EXECUTABLE_FOLDER_PATH)/Obok";
			};
			name = Debug;
		};
		CCA9C3F82CF20C1F00E05F6B /* Release */ = {
			isa = XCBuildConfiguration;
			baseConfigurationReference = E91CC6325D43C9E0B480D71C /* Pods-ObokTests.release.xcconfig */;
			buildSettings = {
				BUNDLE_LOADER = "$(TEST_HOST)";
				CODE_SIGN_STYLE = Automatic;
				CURRENT_PROJECT_VERSION = 1;
				GENERATE_INFOPLIST_FILE = YES;
				IPHONEOS_DEPLOYMENT_TARGET = 18.1;
				MARKETING_VERSION = 1.0;
				PRODUCT_BUNDLE_IDENTIFIER = obok.ObokTests;
				PRODUCT_NAME = "$(TARGET_NAME)";
				SWIFT_EMIT_LOC_STRINGS = NO;
				SWIFT_VERSION = 5.0;
				TARGETED_DEVICE_FAMILY = "1,2";
				TEST_HOST = "$(BUILT_PRODUCTS_DIR)/Obok.app/$(BUNDLE_EXECUTABLE_FOLDER_PATH)/Obok";
			};
			name = Release;
		};
		CCA9C3FA2CF20C1F00E05F6B /* Debug */ = {
			isa = XCBuildConfiguration;
			baseConfigurationReference = 34A3F112616B575CAD397F5F /* Pods-ObokUITests.debug.xcconfig */;
			buildSettings = {
				CODE_SIGN_STYLE = Automatic;
				CURRENT_PROJECT_VERSION = 1;
				GENERATE_INFOPLIST_FILE = YES;
				MARKETING_VERSION = 1.0;
				PRODUCT_BUNDLE_IDENTIFIER = obok.ObokUITests;
				PRODUCT_NAME = "$(TARGET_NAME)";
				SWIFT_EMIT_LOC_STRINGS = NO;
				SWIFT_VERSION = 5.0;
				TARGETED_DEVICE_FAMILY = "1,2";
				TEST_TARGET_NAME = Obok;
			};
			name = Debug;
		};
		CCA9C3FB2CF20C1F00E05F6B /* Release */ = {
			isa = XCBuildConfiguration;
			baseConfigurationReference = 4439F5513260DBC7EEC0091C /* Pods-ObokUITests.release.xcconfig */;
			buildSettings = {
				CODE_SIGN_STYLE = Automatic;
				CURRENT_PROJECT_VERSION = 1;
				GENERATE_INFOPLIST_FILE = YES;
				MARKETING_VERSION = 1.0;
				PRODUCT_BUNDLE_IDENTIFIER = obok.ObokUITests;
				PRODUCT_NAME = "$(TARGET_NAME)";
				SWIFT_EMIT_LOC_STRINGS = NO;
				SWIFT_VERSION = 5.0;
				TARGETED_DEVICE_FAMILY = "1,2";
				TEST_TARGET_NAME = Obok;
			};
			name = Release;
		};
/* End XCBuildConfiguration section */

/* Begin XCConfigurationList section */
		CCA9C3CA2CF20C1E00E05F6B /* Build configuration list for PBXProject "Obok" */ = {
			isa = XCConfigurationList;
			buildConfigurations = (
				CCA9C3F12CF20C1F00E05F6B /* Debug */,
				CCA9C3F22CF20C1F00E05F6B /* Release */,
			);
			defaultConfigurationIsVisible = 0;
			defaultConfigurationName = Release;
		};
		CCA9C3F32CF20C1F00E05F6B /* Build configuration list for PBXNativeTarget "Obok" */ = {
			isa = XCConfigurationList;
			buildConfigurations = (
				CCA9C3F42CF20C1F00E05F6B /* Debug */,
				CCA9C3F52CF20C1F00E05F6B /* Release */,
			);
			defaultConfigurationIsVisible = 0;
			defaultConfigurationName = Release;
		};
		CCA9C3F62CF20C1F00E05F6B /* Build configuration list for PBXNativeTarget "ObokTests" */ = {
			isa = XCConfigurationList;
			buildConfigurations = (
				CCA9C3F72CF20C1F00E05F6B /* Debug */,
				CCA9C3F82CF20C1F00E05F6B /* Release */,
			);
			defaultConfigurationIsVisible = 0;
			defaultConfigurationName = Release;
		};
		CCA9C3F92CF20C1F00E05F6B /* Build configuration list for PBXNativeTarget "ObokUITests" */ = {
			isa = XCConfigurationList;
			buildConfigurations = (
				CCA9C3FA2CF20C1F00E05F6B /* Debug */,
				CCA9C3FB2CF20C1F00E05F6B /* Release */,
			);
			defaultConfigurationIsVisible = 0;
			defaultConfigurationName = Release;
		};
/* End XCConfigurationList section */
	};
	rootObject = CCA9C3C72CF20C1E00E05F6B /* Project object */;
}
